// !$*UTF8*$!
{
	archiveVersion = 1;
	classes = {
	};
	objectVersion = 77;
	objects = {

/* Begin PBXContainerItemProxy section */
		9971DD832D036FBA00241C82 /* PBXContainerItemProxy */ = {
			isa = PBXContainerItemProxy;
			containerPortal = 9971DD612D036FB900241C82 /* Project object */;
			proxyType = 1;
			remoteGlobalIDString = 9971DD682D036FB900241C82;
			remoteInfo = Databases;
		};
		9971DD8D2D036FBA00241C82 /* PBXContainerItemProxy */ = {
			isa = PBXContainerItemProxy;
			containerPortal = 9971DD612D036FB900241C82 /* Project object */;
			proxyType = 1;
			remoteGlobalIDString = 9971DD682D036FB900241C82;
			remoteInfo = Databases;
		};
/* End PBXContainerItemProxy section */

/* Begin PBXFileReference section */
		9971DD692D036FB900241C82 /* Databases.app */ = {isa = PBXFileReference; explicitFileType = wrapper.application; includeInIndex = 0; path = Databases.app; sourceTree = BUILT_PRODUCTS_DIR; };
		9971DD822D036FBA00241C82 /* DatabasesTests.xctest */ = {isa = PBXFileReference; explicitFileType = wrapper.cfbundle; includeInIndex = 0; path = DatabasesTests.xctest; sourceTree = BUILT_PRODUCTS_DIR; };
		9971DD8C2D036FBA00241C82 /* DatabasesUITests.xctest */ = {isa = PBXFileReference; explicitFileType = wrapper.cfbundle; includeInIndex = 0; path = DatabasesUITests.xctest; sourceTree = BUILT_PRODUCTS_DIR; };
/* End PBXFileReference section */

/* Begin PBXFileSystemSynchronizedBuildFileExceptionSet section */
		9971DD942D036FBA00241C82 /* Exceptions for "Databases" folder in "Databases" target */ = {
			isa = PBXFileSystemSynchronizedBuildFileExceptionSet;
			membershipExceptions = (
				Info.plist,
			);
			target = 9971DD682D036FB900241C82 /* Databases */;
		};
/* End PBXFileSystemSynchronizedBuildFileExceptionSet section */

/* Begin PBXFileSystemSynchronizedRootGroup section */
		9971DD6B2D036FB900241C82 /* Databases */ = {
			isa = PBXFileSystemSynchronizedRootGroup;
			exceptions = (
				9971DD942D036FBA00241C82 /* Exceptions for "Databases" folder in "Databases" target */,
			);
			path = Databases;
			sourceTree = "<group>";
		};
		9971DD852D036FBA00241C82 /* DatabasesTests */ = {
			isa = PBXFileSystemSynchronizedRootGroup;
			path = DatabasesTests;
			sourceTree = "<group>";
		};
		9971DD8F2D036FBA00241C82 /* DatabasesUITests */ = {
			isa = PBXFileSystemSynchronizedRootGroup;
			path = DatabasesUITests;
			sourceTree = "<group>";
		};
/* End PBXFileSystemSynchronizedRootGroup section */

/* Begin PBXFrameworksBuildPhase section */
		9971DD662D036FB900241C82 /* Frameworks */ = {
			isa = PBXFrameworksBuildPhase;
			buildActionMask = 2147483647;
			files = (
			);
			runOnlyForDeploymentPostprocessing = 0;
		};
		9971DD7F2D036FBA00241C82 /* Frameworks */ = {
			isa = PBXFrameworksBuildPhase;
			buildActionMask = 2147483647;
			files = (
			);
			runOnlyForDeploymentPostprocessing = 0;
		};
		9971DD892D036FBA00241C82 /* Frameworks */ = {
			isa = PBXFrameworksBuildPhase;
			buildActionMask = 2147483647;
			files = (
			);
			runOnlyForDeploymentPostprocessing = 0;
		};
/* End PBXFrameworksBuildPhase section */

/* Begin PBXGroup section */
		9971DD602D036FB900241C82 = {
			isa = PBXGroup;
			children = (
				9971DD6B2D036FB900241C82 /* Databases */,
				9971DD852D036FBA00241C82 /* DatabasesTests */,
				9971DD8F2D036FBA00241C82 /* DatabasesUITests */,
				9971DD6A2D036FB900241C82 /* Products */,
			);
			sourceTree = "<group>";
		};
		9971DD6A2D036FB900241C82 /* Products */ = {
			isa = PBXGroup;
			children = (
				9971DD692D036FB900241C82 /* Databases.app */,
				9971DD822D036FBA00241C82 /* DatabasesTests.xctest */,
				9971DD8C2D036FBA00241C82 /* DatabasesUITests.xctest */,
			);
			name = Products;
			sourceTree = "<group>";
		};
/* End PBXGroup section */

/* Begin PBXNativeTarget section */
		9971DD682D036FB900241C82 /* Databases */ = {
			isa = PBXNativeTarget;
			buildConfigurationList = 9971DD952D036FBA00241C82 /* Build configuration list for PBXNativeTarget "Databases" */;
			buildPhases = (
				9971DD652D036FB900241C82 /* Sources */,
				9971DD662D036FB900241C82 /* Frameworks */,
				9971DD672D036FB900241C82 /* Resources */,
			);
			buildRules = (
			);
			dependencies = (
			);
			fileSystemSynchronizedGroups = (
				9971DD6B2D036FB900241C82 /* Databases */,
			);
			name = Databases;
			packageProductDependencies = (
			);
			productName = Databases;
			productReference = 9971DD692D036FB900241C82 /* Databases.app */;
			productType = "com.apple.product-type.application";
		};
		9971DD812D036FBA00241C82 /* DatabasesTests */ = {
			isa = PBXNativeTarget;
			buildConfigurationList = 9971DD9A2D036FBA00241C82 /* Build configuration list for PBXNativeTarget "DatabasesTests" */;
			buildPhases = (
				9971DD7E2D036FBA00241C82 /* Sources */,
				9971DD7F2D036FBA00241C82 /* Frameworks */,
				9971DD802D036FBA00241C82 /* Resources */,
			);
			buildRules = (
			);
			dependencies = (
				9971DD842D036FBA00241C82 /* PBXTargetDependency */,
			);
			fileSystemSynchronizedGroups = (
				9971DD852D036FBA00241C82 /* DatabasesTests */,
			);
			name = DatabasesTests;
			packageProductDependencies = (
			);
			productName = DatabasesTests;
			productReference = 9971DD822D036FBA00241C82 /* DatabasesTests.xctest */;
			productType = "com.apple.product-type.bundle.unit-test";
		};
		9971DD8B2D036FBA00241C82 /* DatabasesUITests */ = {
			isa = PBXNativeTarget;
			buildConfigurationList = 9971DD9D2D036FBA00241C82 /* Build configuration list for PBXNativeTarget "DatabasesUITests" */;
			buildPhases = (
				9971DD882D036FBA00241C82 /* Sources */,
				9971DD892D036FBA00241C82 /* Frameworks */,
				9971DD8A2D036FBA00241C82 /* Resources */,
			);
			buildRules = (
			);
			dependencies = (
				9971DD8E2D036FBA00241C82 /* PBXTargetDependency */,
			);
			fileSystemSynchronizedGroups = (
				9971DD8F2D036FBA00241C82 /* DatabasesUITests */,
			);
			name = DatabasesUITests;
			packageProductDependencies = (
			);
			productName = DatabasesUITests;
			productReference = 9971DD8C2D036FBA00241C82 /* DatabasesUITests.xctest */;
			productType = "com.apple.product-type.bundle.ui-testing";
		};
/* End PBXNativeTarget section */

/* Begin PBXProject section */
		9971DD612D036FB900241C82 /* Project object */ = {
			isa = PBXProject;
			attributes = {
				BuildIndependentTargetsInParallel = 1;
				LastSwiftUpdateCheck = 1610;
				LastUpgradeCheck = 1610;
				TargetAttributes = {
					9971DD682D036FB900241C82 = {
						CreatedOnToolsVersion = 16.1;
					};
					9971DD812D036FBA00241C82 = {
						CreatedOnToolsVersion = 16.1;
						TestTargetID = 9971DD682D036FB900241C82;
					};
					9971DD8B2D036FBA00241C82 = {
						CreatedOnToolsVersion = 16.1;
						TestTargetID = 9971DD682D036FB900241C82;
					};
				};
			};
			buildConfigurationList = 9971DD642D036FB900241C82 /* Build configuration list for PBXProject "Databases" */;
			developmentRegion = en;
			hasScannedForEncodings = 0;
			knownRegions = (
				en,
				Base,
			);
			mainGroup = 9971DD602D036FB900241C82;
			minimizedProjectReferenceProxies = 1;
			preferredProjectObjectVersion = 77;
			productRefGroup = 9971DD6A2D036FB900241C82 /* Products */;
			projectDirPath = "";
			projectRoot = "";
			targets = (
				9971DD682D036FB900241C82 /* Databases */,
				9971DD812D036FBA00241C82 /* DatabasesTests */,
				9971DD8B2D036FBA00241C82 /* DatabasesUITests */,
			);
		};
/* End PBXProject section */

/* Begin PBXResourcesBuildPhase section */
		9971DD672D036FB900241C82 /* Resources */ = {
			isa = PBXResourcesBuildPhase;
			buildActionMask = 2147483647;
			files = (
			);
			runOnlyForDeploymentPostprocessing = 0;
		};
		9971DD802D036FBA00241C82 /* Resources */ = {
			isa = PBXResourcesBuildPhase;
			buildActionMask = 2147483647;
			files = (
			);
			runOnlyForDeploymentPostprocessing = 0;
		};
		9971DD8A2D036FBA00241C82 /* Resources */ = {
			isa = PBXResourcesBuildPhase;
			buildActionMask = 2147483647;
			files = (
			);
			runOnlyForDeploymentPostprocessing = 0;
		};
/* End PBXResourcesBuildPhase section */

/* Begin PBXSourcesBuildPhase section */
		9971DD652D036FB900241C82 /* Sources */ = {
			isa = PBXSourcesBuildPhase;
			buildActionMask = 2147483647;
			files = (
			);
			runOnlyForDeploymentPostprocessing = 0;
		};
		9971DD7E2D036FBA00241C82 /* Sources */ = {
			isa = PBXSourcesBuildPhase;
			buildActionMask = 2147483647;
			files = (
			);
			runOnlyForDeploymentPostprocessing = 0;
		};
		9971DD882D036FBA00241C82 /* Sources */ = {
			isa = PBXSourcesBuildPhase;
			buildActionMask = 2147483647;
			files = (
			);
			runOnlyForDeploymentPostprocessing = 0;
		};
/* End PBXSourcesBuildPhase section */

/* Begin PBXTargetDependency section */
		9971DD842D036FBA00241C82 /* PBXTargetDependency */ = {
			isa = PBXTargetDependency;
			target = 9971DD682D036FB900241C82 /* Databases */;
			targetProxy = 9971DD832D036FBA00241C82 /* PBXContainerItemProxy */;
		};
		9971DD8E2D036FBA00241C82 /* PBXTargetDependency */ = {
			isa = PBXTargetDependency;
			target = 9971DD682D036FB900241C82 /* Databases */;
			targetProxy = 9971DD8D2D036FBA00241C82 /* PBXContainerItemProxy */;
		};
/* End PBXTargetDependency section */

/* Begin XCBuildConfiguration section */
		9971DD962D036FBA00241C82 /* Debug */ = {
			isa = XCBuildConfiguration;
			buildSettings = {
				ASSETCATALOG_COMPILER_APPICON_NAME = AppIcon;
				ASSETCATALOG_COMPILER_GLOBAL_ACCENT_COLOR_NAME = AccentColor;
				CODE_SIGN_STYLE = Automatic;
				CURRENT_PROJECT_VERSION = 1;
				DEVELOPMENT_TEAM = 6YY38D67Z4;
				GENERATE_INFOPLIST_FILE = YES;
				INFOPLIST_FILE = Databases/Info.plist;
				INFOPLIST_KEY_UIApplicationSupportsIndirectInputEvents = YES;
				INFOPLIST_KEY_UILaunchStoryboardName = LaunchScreen;
				INFOPLIST_KEY_UIMainStoryboardFile = Main;
				INFOPLIST_KEY_UISupportedInterfaceOrientations_iPad = "UIInterfaceOrientationPortrait UIInterfaceOrientationPortraitUpsideDown UIInterfaceOrientationLandscapeLeft UIInterfaceOrientationLandscapeRight";
				INFOPLIST_KEY_UISupportedInterfaceOrientations_iPhone = "UIInterfaceOrientationPortrait UIInterfaceOrientationLandscapeLeft UIInterfaceOrientationLandscapeRight";
				LD_RUNPATH_SEARCH_PATHS = (
					"$(inherited)",
					"@executable_path/Frameworks",
				);
				MARKETING_VERSION = 1.0;
				PRODUCT_BUNDLE_IDENTIFIER = com.sandbox.domain.Sandbox.database.Databases;
				PRODUCT_NAME = "$(TARGET_NAME)";
				SWIFT_EMIT_LOC_STRINGS = YES;
				SWIFT_VERSION = 5.0;
				TARGETED_DEVICE_FAMILY = "1,2";
			};
			name = Debug;
		};
		9971DD972D036FBA00241C82 /* Release */ = {
			isa = XCBuildConfiguration;
			buildSettings = {
				ASSETCATALOG_COMPILER_APPICON_NAME = AppIcon;
				ASSETCATALOG_COMPILER_GLOBAL_ACCENT_COLOR_NAME = AccentColor;
				CODE_SIGN_STYLE = Automatic;
				CURRENT_PROJECT_VERSION = 1;
				DEVELOPMENT_TEAM = 6YY38D67Z4;
				GENERATE_INFOPLIST_FILE = YES;
				INFOPLIST_FILE = Databases/Info.plist;
				INFOPLIST_KEY_UIApplicationSupportsIndirectInputEvents = YES;
				INFOPLIST_KEY_UILaunchStoryboardName = LaunchScreen;
				INFOPLIST_KEY_UIMainStoryboardFile = Main;
				INFOPLIST_KEY_UISupportedInterfaceOrientations_iPad = "UIInterfaceOrientationPortrait UIInterfaceOrientationPortraitUpsideDown UIInterfaceOrientationLandscapeLeft UIInterfaceOrientationLandscapeRight";
				INFOPLIST_KEY_UISupportedInterfaceOrientations_iPhone = "UIInterfaceOrientationPortrait UIInterfaceOrientationLandscapeLeft UIInterfaceOrientationLandscapeRight";
				LD_RUNPATH_SEARCH_PATHS = (
					"$(inherited)",
					"@executable_path/Frameworks",
				);
				MARKETING_VERSION = 1.0;
				PRODUCT_BUNDLE_IDENTIFIER = com.sandbox.domain.Sandbox.database.Databases;
				PRODUCT_NAME = "$(TARGET_NAME)";
				SWIFT_EMIT_LOC_STRINGS = YES;
				SWIFT_VERSION = 5.0;
				TARGETED_DEVICE_FAMILY = "1,2";
			};
			name = Release;
		};
		9971DD982D036FBA00241C82 /* Debug */ = {
			isa = XCBuildConfiguration;
			buildSettings = {
				ALWAYS_SEARCH_USER_PATHS = NO;
				ASSETCATALOG_COMPILER_GENERATE_SWIFT_ASSET_SYMBOL_EXTENSIONS = YES;
				CLANG_ANALYZER_NONNULL = YES;
				CLANG_ANALYZER_NUMBER_OBJECT_CONVERSION = YES_AGGRESSIVE;
				CLANG_CXX_LANGUAGE_STANDARD = "gnu++20";
				CLANG_ENABLE_MODULES = YES;
				CLANG_ENABLE_OBJC_ARC = YES;
				CLANG_ENABLE_OBJC_WEAK = YES;
				CLANG_WARN_BLOCK_CAPTURE_AUTORELEASING = YES;
				CLANG_WARN_BOOL_CONVERSION = YES;
				CLANG_WARN_COMMA = YES;
				CLANG_WARN_CONSTANT_CONVERSION = YES;
				CLANG_WARN_DEPRECATED_OBJC_IMPLEMENTATIONS = YES;
				CLANG_WARN_DIRECT_OBJC_ISA_USAGE = YES_ERROR;
				CLANG_WARN_DOCUMENTATION_COMMENTS = YES;
				CLANG_WARN_EMPTY_BODY = YES;
				CLANG_WARN_ENUM_CONVERSION = YES;
				CLANG_WARN_INFINITE_RECURSION = YES;
				CLANG_WARN_INT_CONVERSION = YES;
				CLANG_WARN_NON_LITERAL_NULL_CONVERSION = YES;
				CLANG_WARN_OBJC_IMPLICIT_RETAIN_SELF = YES;
				CLANG_WARN_OBJC_LITERAL_CONVERSION = YES;
				CLANG_WARN_OBJC_ROOT_CLASS = YES_ERROR;
				CLANG_WARN_QUOTED_INCLUDE_IN_FRAMEWORK_HEADER = YES;
				CLANG_WARN_RANGE_LOOP_ANALYSIS = YES;
				CLANG_WARN_STRICT_PROTOTYPES = YES;
				CLANG_WARN_SUSPICIOUS_MOVE = YES;
				CLANG_WARN_UNGUARDED_AVAILABILITY = YES_AGGRESSIVE;
				CLANG_WARN_UNREACHABLE_CODE = YES;
				CLANG_WARN__DUPLICATE_METHOD_MATCH = YES;
				COPY_PHASE_STRIP = NO;
				DEBUG_INFORMATION_FORMAT = dwarf;
				ENABLE_STRICT_OBJC_MSGSEND = YES;
				ENABLE_TESTABILITY = YES;
				ENABLE_USER_SCRIPT_SANDBOXING = YES;
				GCC_C_LANGUAGE_STANDARD = gnu17;
				GCC_DYNAMIC_NO_PIC = NO;
				GCC_NO_COMMON_BLOCKS = YES;
				GCC_OPTIMIZATION_LEVEL = 0;
				GCC_PREPROCESSOR_DEFINITIONS = (
					"DEBUG=1",
					"$(inherited)",
				);
				GCC_WARN_64_TO_32_BIT_CONVERSION = YES;
				GCC_WARN_ABOUT_RETURN_TYPE = YES_ERROR;
				GCC_WARN_UNDECLARED_SELECTOR = YES;
				GCC_WARN_UNINITIALIZED_AUTOS = YES_AGGRESSIVE;
				GCC_WARN_UNUSED_FUNCTION = YES;
				GCC_WARN_UNUSED_VARIABLE = YES;
				IPHONEOS_DEPLOYMENT_TARGET = 18.1;
				LOCALIZATION_PREFERS_STRING_CATALOGS = YES;
				MTL_ENABLE_DEBUG_INFO = INCLUDE_SOURCE;
				MTL_FAST_MATH = YES;
				ONLY_ACTIVE_ARCH = YES;
				SDKROOT = iphoneos;
				SWIFT_ACTIVE_COMPILATION_CONDITIONS = "DEBUG $(inherited)";
				SWIFT_OPTIMIZATION_LEVEL = "-Onone";
			};
			name = Debug;
		};
		9971DD992D036FBA00241C82 /* Release */ = {
			isa = XCBuildConfiguration;
			buildSettings = {
				ALWAYS_SEARCH_USER_PATHS = NO;
				ASSETCATALOG_COMPILER_GENERATE_SWIFT_ASSET_SYMBOL_EXTENSIONS = YES;
				CLANG_ANALYZER_NONNULL = YES;
				CLANG_ANALYZER_NUMBER_OBJECT_CONVERSION = YES_AGGRESSIVE;
				CLANG_CXX_LANGUAGE_STANDARD = "gnu++20";
				CLANG_ENABLE_MODULES = YES;
				CLANG_ENABLE_OBJC_ARC = YES;
				CLANG_ENABLE_OBJC_WEAK = YES;
				CLANG_WARN_BLOCK_CAPTURE_AUTORELEASING = YES;
				CLANG_WARN_BOOL_CONVERSION = YES;
				CLANG_WARN_COMMA = YES;
				CLANG_WARN_CONSTANT_CONVERSION = YES;
				CLANG_WARN_DEPRECATED_OBJC_IMPLEMENTATIONS = YES;
				CLANG_WARN_DIRECT_OBJC_ISA_USAGE = YES_ERROR;
				CLANG_WARN_DOCUMENTATION_COMMENTS = YES;
				CLANG_WARN_EMPTY_BODY = YES;
				CLANG_WARN_ENUM_CONVERSION = YES;
				CLANG_WARN_INFINITE_RECURSION = YES;
				CLANG_WARN_INT_CONVERSION = YES;
				CLANG_WARN_NON_LITERAL_NULL_CONVERSION = YES;
				CLANG_WARN_OBJC_IMPLICIT_RETAIN_SELF = YES;
				CLANG_WARN_OBJC_LITERAL_CONVERSION = YES;
				CLANG_WARN_OBJC_ROOT_CLASS = YES_ERROR;
				CLANG_WARN_QUOTED_INCLUDE_IN_FRAMEWORK_HEADER = YES;
				CLANG_WARN_RANGE_LOOP_ANALYSIS = YES;
				CLANG_WARN_STRICT_PROTOTYPES = YES;
				CLANG_WARN_SUSPICIOUS_MOVE = YES;
				CLANG_WARN_UNGUARDED_AVAILABILITY = YES_AGGRESSIVE;
				CLANG_WARN_UNREACHABLE_CODE = YES;
				CLANG_WARN__DUPLICATE_METHOD_MATCH = YES;
				COPY_PHASE_STRIP = NO;
				DEBUG_INFORMATION_FORMAT = "dwarf-with-dsym";
				ENABLE_NS_ASSERTIONS = NO;
				ENABLE_STRICT_OBJC_MSGSEND = YES;
				ENABLE_USER_SCRIPT_SANDBOXING = YES;
				GCC_C_LANGUAGE_STANDARD = gnu17;
				GCC_NO_COMMON_BLOCKS = YES;
				GCC_WARN_64_TO_32_BIT_CONVERSION = YES;
				GCC_WARN_ABOUT_RETURN_TYPE = YES_ERROR;
				GCC_WARN_UNDECLARED_SELECTOR = YES;
				GCC_WARN_UNINITIALIZED_AUTOS = YES_AGGRESSIVE;
				GCC_WARN_UNUSED_FUNCTION = YES;
				GCC_WARN_UNUSED_VARIABLE = YES;
				IPHONEOS_DEPLOYMENT_TARGET = 18.1;
				LOCALIZATION_PREFERS_STRING_CATALOGS = YES;
				MTL_ENABLE_DEBUG_INFO = NO;
				MTL_FAST_MATH = YES;
				SDKROOT = iphoneos;
				SWIFT_COMPILATION_MODE = wholemodule;
				VALIDATE_PRODUCT = YES;
			};
			name = Release;
		};
		9971DD9B2D036FBA00241C82 /* Debug */ = {
			isa = XCBuildConfiguration;
			buildSettings = {
				BUNDLE_LOADER = "$(TEST_HOST)";
				CODE_SIGN_STYLE = Automatic;
				CURRENT_PROJECT_VERSION = 1;
				DEVELOPMENT_TEAM = 6YY38D67Z4;
				GENERATE_INFOPLIST_FILE = YES;
				IPHONEOS_DEPLOYMENT_TARGET = 18.1;
				MARKETING_VERSION = 1.0;
				PRODUCT_BUNDLE_IDENTIFIER = com.sandbox.domain.Sandbox.database.DatabasesTests;
				PRODUCT_NAME = "$(TARGET_NAME)";
				SWIFT_EMIT_LOC_STRINGS = NO;
				SWIFT_VERSION = 5.0;
				TARGETED_DEVICE_FAMILY = "1,2";
				TEST_HOST = "$(BUILT_PRODUCTS_DIR)/Databases.app/$(BUNDLE_EXECUTABLE_FOLDER_PATH)/Databases";
			};
			name = Debug;
		};
		9971DD9C2D036FBA00241C82 /* Release */ = {
			isa = XCBuildConfiguration;
			buildSettings = {
				BUNDLE_LOADER = "$(TEST_HOST)";
				CODE_SIGN_STYLE = Automatic;
				CURRENT_PROJECT_VERSION = 1;
				DEVELOPMENT_TEAM = 6YY38D67Z4;
				GENERATE_INFOPLIST_FILE = YES;
				IPHONEOS_DEPLOYMENT_TARGET = 18.1;
				MARKETING_VERSION = 1.0;
				PRODUCT_BUNDLE_IDENTIFIER = com.sandbox.domain.Sandbox.database.DatabasesTests;
				PRODUCT_NAME = "$(TARGET_NAME)";
				SWIFT_EMIT_LOC_STRINGS = NO;
				SWIFT_VERSION = 5.0;
				TARGETED_DEVICE_FAMILY = "1,2";
				TEST_HOST = "$(BUILT_PRODUCTS_DIR)/Databases.app/$(BUNDLE_EXECUTABLE_FOLDER_PATH)/Databases";
			};
			name = Release;
		};
		9971DD9E2D036FBA00241C82 /* Debug */ = {
			isa = XCBuildConfiguration;
			buildSettings = {
				CODE_SIGN_STYLE = Automatic;
				CURRENT_PROJECT_VERSION = 1;
				DEVELOPMENT_TEAM = 6YY38D67Z4;
				GENERATE_INFOPLIST_FILE = YES;
				MARKETING_VERSION = 1.0;
				PRODUCT_BUNDLE_IDENTIFIER = com.sandbox.domain.Sandbox.database.DatabasesUITests;
				PRODUCT_NAME = "$(TARGET_NAME)";
				SWIFT_EMIT_LOC_STRINGS = NO;
				SWIFT_VERSION = 5.0;
				TARGETED_DEVICE_FAMILY = "1,2";
				TEST_TARGET_NAME = Databases;
			};
			name = Debug;
		};
		9971DD9F2D036FBA00241C82 /* Release */ = {
			isa = XCBuildConfiguration;
			buildSettings = {
				CODE_SIGN_STYLE = Automatic;
				CURRENT_PROJECT_VERSION = 1;
				DEVELOPMENT_TEAM = 6YY38D67Z4;
				GENERATE_INFOPLIST_FILE = YES;
				MARKETING_VERSION = 1.0;
				PRODUCT_BUNDLE_IDENTIFIER = com.sandbox.domain.Sandbox.database.DatabasesUITests;
				PRODUCT_NAME = "$(TARGET_NAME)";
				SWIFT_EMIT_LOC_STRINGS = NO;
				SWIFT_VERSION = 5.0;
				TARGETED_DEVICE_FAMILY = "1,2";
				TEST_TARGET_NAME = Databases;
			};
			name = Release;
		};
/* End XCBuildConfiguration section */

/* Begin XCConfigurationList section */
		9971DD642D036FB900241C82 /* Build configuration list for PBXProject "Databases" */ = {
			isa = XCConfigurationList;
			buildConfigurations = (
				9971DD982D036FBA00241C82 /* Debug */,
				9971DD992D036FBA00241C82 /* Release */,
			);
			defaultConfigurationIsVisible = 0;
			defaultConfigurationName = Release;
		};
		9971DD952D036FBA00241C82 /* Build configuration list for PBXNativeTarget "Databases" */ = {
			isa = XCConfigurationList;
			buildConfigurations = (
				9971DD962D036FBA00241C82 /* Debug */,
				9971DD972D036FBA00241C82 /* Release */,
			);
			defaultConfigurationIsVisible = 0;
			defaultConfigurationName = Release;
		};
		9971DD9A2D036FBA00241C82 /* Build configuration list for PBXNativeTarget "DatabasesTests" */ = {
			isa = XCConfigurationList;
			buildConfigurations = (
				9971DD9B2D036FBA00241C82 /* Debug */,
				9971DD9C2D036FBA00241C82 /* Release */,
			);
			defaultConfigurationIsVisible = 0;
			defaultConfigurationName = Release;
		};
		9971DD9D2D036FBA00241C82 /* Build configuration list for PBXNativeTarget "DatabasesUITests" */ = {
			isa = XCConfigurationList;
			buildConfigurations = (
				9971DD9E2D036FBA00241C82 /* Debug */,
				9971DD9F2D036FBA00241C82 /* Release */,
			);
			defaultConfigurationIsVisible = 0;
			defaultConfigurationName = Release;
		};
/* End XCConfigurationList section */
	};
	rootObject = 9971DD612D036FB900241C82 /* Project object */;
}
